// !$*UTF8*$!
{
	archiveVersion = 1;
	classes = {
	};
	objectVersion = 48;
	objects = {

/* Begin PBXBuildFile section */
		8963B11C200D57E000E8A45B /* Concentration.swift in Sources */ = {isa = PBXBuildFile; fileRef = 8963B11B200D57E000E8A45B /* Concentration.swift */; };
		8963B11E200D58A100E8A45B /* Card.swift in Sources */ = {isa = PBXBuildFile; fileRef = 8963B11D200D58A100E8A45B /* Card.swift */; };
		89A7926F200D3D2E001C76CA /* AppDelegate.swift in Sources */ = {isa = PBXBuildFile; fileRef = 89A7926E200D3D2E001C76CA /* AppDelegate.swift */; };
		89A79271200D3D2E001C76CA /* ViewController.swift in Sources */ = {isa = PBXBuildFile; fileRef = 89A79270200D3D2E001C76CA /* ViewController.swift */; };
		89A79274200D3D2E001C76CA /* Main.storyboard in Resources */ = {isa = PBXBuildFile; fileRef = 89A79272200D3D2E001C76CA /* Main.storyboard */; };
		89A79276200D3D2E001C76CA /* Assets.xcassets in Resources */ = {isa = PBXBuildFile; fileRef = 89A79275200D3D2E001C76CA /* Assets.xcassets */; };
		89A79279200D3D2E001C76CA /* LaunchScreen.storyboard in Resources */ = {isa = PBXBuildFile; fileRef = 89A79277200D3D2E001C76CA /* LaunchScreen.storyboard */; };
		89A79284200D3D2E001C76CA /* ConcentrationTests.swift in Sources */ = {isa = PBXBuildFile; fileRef = 89A79283200D3D2E001C76CA /* ConcentrationTests.swift */; };
		89A7928F200D3D2E001C76CA /* ConcentrationUITests.swift in Sources */ = {isa = PBXBuildFile; fileRef = 89A7928E200D3D2E001C76CA /* ConcentrationUITests.swift */; };
/* End PBXBuildFile section */

/* Begin PBXContainerItemProxy section */
		89A79280200D3D2E001C76CA /* PBXContainerItemProxy */ = {
			isa = PBXContainerItemProxy;
			containerPortal = 89A79263200D3D2E001C76CA /* Project object */;
			proxyType = 1;
			remoteGlobalIDString = 89A7926A200D3D2E001C76CA;
			remoteInfo = Concentration;
		};
		89A7928B200D3D2E001C76CA /* PBXContainerItemProxy */ = {
			isa = PBXContainerItemProxy;
			containerPortal = 89A79263200D3D2E001C76CA /* Project object */;
			proxyType = 1;
			remoteGlobalIDString = 89A7926A200D3D2E001C76CA;
			remoteInfo = Concentration;
		};
/* End PBXContainerItemProxy section */

/* Begin PBXFileReference section */
		8963B11B200D57E000E8A45B /* Concentration.swift */ = {isa = PBXFileReference; lastKnownFileType = sourcecode.swift; path = Concentration.swift; sourceTree = "<group>"; };
		8963B11D200D58A100E8A45B /* Card.swift */ = {isa = PBXFileReference; lastKnownFileType = sourcecode.swift; path = Card.swift; sourceTree = "<group>"; };
		89A7926B200D3D2E001C76CA /* Concentration.app */ = {isa = PBXFileReference; explicitFileType = wrapper.application; includeInIndex = 0; path = Concentration.app; sourceTree = BUILT_PRODUCTS_DIR; };
		89A7926E200D3D2E001C76CA /* AppDelegate.swift */ = {isa = PBXFileReference; lastKnownFileType = sourcecode.swift; path = AppDelegate.swift; sourceTree = "<group>"; };
		89A79270200D3D2E001C76CA /* ViewController.swift */ = {isa = PBXFileReference; lastKnownFileType = sourcecode.swift; path = ViewController.swift; sourceTree = "<group>"; };
		89A79273200D3D2E001C76CA /* Base */ = {isa = PBXFileReference; lastKnownFileType = file.storyboard; name = Base; path = Base.lproj/Main.storyboard; sourceTree = "<group>"; };
		89A79275200D3D2E001C76CA /* Assets.xcassets */ = {isa = PBXFileReference; lastKnownFileType = folder.assetcatalog; path = Assets.xcassets; sourceTree = "<group>"; };
		89A79278200D3D2E001C76CA /* Base */ = {isa = PBXFileReference; lastKnownFileType = file.storyboard; name = Base; path = Base.lproj/LaunchScreen.storyboard; sourceTree = "<group>"; };
		89A7927A200D3D2E001C76CA /* Info.plist */ = {isa = PBXFileReference; lastKnownFileType = text.plist.xml; path = Info.plist; sourceTree = "<group>"; };
		89A7927F200D3D2E001C76CA /* ConcentrationTests.xctest */ = {isa = PBXFileReference; explicitFileType = wrapper.cfbundle; includeInIndex = 0; path = ConcentrationTests.xctest; sourceTree = BUILT_PRODUCTS_DIR; };
		89A79283200D3D2E001C76CA /* ConcentrationTests.swift */ = {isa = PBXFileReference; lastKnownFileType = sourcecode.swift; path = ConcentrationTests.swift; sourceTree = "<group>"; };
		89A79285200D3D2E001C76CA /* Info.plist */ = {isa = PBXFileReference; lastKnownFileType = text.plist.xml; path = Info.plist; sourceTree = "<group>"; };
		89A7928A200D3D2E001C76CA /* ConcentrationUITests.xctest */ = {isa = PBXFileReference; explicitFileType = wrapper.cfbundle; includeInIndex = 0; path = ConcentrationUITests.xctest; sourceTree = BUILT_PRODUCTS_DIR; };
		89A7928E200D3D2E001C76CA /* ConcentrationUITests.swift */ = {isa = PBXFileReference; lastKnownFileType = sourcecode.swift; path = ConcentrationUITests.swift; sourceTree = "<group>"; };
		89A79290200D3D2E001C76CA /* Info.plist */ = {isa = PBXFileReference; lastKnownFileType = text.plist.xml; path = Info.plist; sourceTree = "<group>"; };
/* End PBXFileReference section */

/* Begin PBXFrameworksBuildPhase section */
		89A79268200D3D2E001C76CA /* Frameworks */ = {
			isa = PBXFrameworksBuildPhase;
			buildActionMask = 2147483647;
			files = (
			);
			runOnlyForDeploymentPostprocessing = 0;
		};
		89A7927C200D3D2E001C76CA /* Frameworks */ = {
			isa = PBXFrameworksBuildPhase;
			buildActionMask = 2147483647;
			files = (
			);
			runOnlyForDeploymentPostprocessing = 0;
		};
		89A79287200D3D2E001C76CA /* Frameworks */ = {
			isa = PBXFrameworksBuildPhase;
			buildActionMask = 2147483647;
			files = (
			);
			runOnlyForDeploymentPostprocessing = 0;
		};
/* End PBXFrameworksBuildPhase section */

/* Begin PBXGroup section */
		89A79262200D3D2E001C76CA = {
			isa = PBXGroup;
			children = (
				89A7926D200D3D2E001C76CA /* Concentration */,
				89A79282200D3D2E001C76CA /* ConcentrationTests */,
				89A7928D200D3D2E001C76CA /* ConcentrationUITests */,
				89A7926C200D3D2E001C76CA /* Products */,
			);
			sourceTree = "<group>";
		};
		89A7926C200D3D2E001C76CA /* Products */ = {
			isa = PBXGroup;
			children = (
				89A7926B200D3D2E001C76CA /* Concentration.app */,
				89A7927F200D3D2E001C76CA /* ConcentrationTests.xctest */,
				89A7928A200D3D2E001C76CA /* ConcentrationUITests.xctest */,
			);
			name = Products;
			sourceTree = "<group>";
		};
		89A7926D200D3D2E001C76CA /* Concentration */ = {
			isa = PBXGroup;
			children = (
				8963B11B200D57E000E8A45B /* Concentration.swift */,
				8963B11D200D58A100E8A45B /* Card.swift */,
				89A79270200D3D2E001C76CA /* ViewController.swift */,
				89A79272200D3D2E001C76CA /* Main.storyboard */,
				89A7929C200D3DF3001C76CA /* Supporting Files */,
				89A7927A200D3D2E001C76CA /* Info.plist */,
			);
			path = Concentration;
			sourceTree = "<group>";
		};
		89A79282200D3D2E001C76CA /* ConcentrationTests */ = {
			isa = PBXGroup;
			children = (
				89A79283200D3D2E001C76CA /* ConcentrationTests.swift */,
				89A79285200D3D2E001C76CA /* Info.plist */,
			);
			path = ConcentrationTests;
			sourceTree = "<group>";
		};
		89A7928D200D3D2E001C76CA /* ConcentrationUITests */ = {
			isa = PBXGroup;
			children = (
				89A7928E200D3D2E001C76CA /* ConcentrationUITests.swift */,
				89A79290200D3D2E001C76CA /* Info.plist */,
			);
			path = ConcentrationUITests;
			sourceTree = "<group>";
		};
		89A7929C200D3DF3001C76CA /* Supporting Files */ = {
			isa = PBXGroup;
			children = (
				89A7926E200D3D2E001C76CA /* AppDelegate.swift */,
				89A79275200D3D2E001C76CA /* Assets.xcassets */,
				89A79277200D3D2E001C76CA /* LaunchScreen.storyboard */,
			);
			path = "Supporting Files";
			sourceTree = "<group>";
		};
/* End PBXGroup section */

/* Begin PBXNativeTarget section */
		89A7926A200D3D2E001C76CA /* Concentration */ = {
			isa = PBXNativeTarget;
			buildConfigurationList = 89A79293200D3D2E001C76CA /* Build configuration list for PBXNativeTarget "Concentration" */;
			buildPhases = (
				89A79267200D3D2E001C76CA /* Sources */,
				89A79268200D3D2E001C76CA /* Frameworks */,
				89A79269200D3D2E001C76CA /* Resources */,
			);
			buildRules = (
			);
			dependencies = (
			);
			name = Concentration;
			productName = Concentration;
			productReference = 89A7926B200D3D2E001C76CA /* Concentration.app */;
			productType = "com.apple.product-type.application";
		};
		89A7927E200D3D2E001C76CA /* ConcentrationTests */ = {
			isa = PBXNativeTarget;
			buildConfigurationList = 89A79296200D3D2E001C76CA /* Build configuration list for PBXNativeTarget "ConcentrationTests" */;
			buildPhases = (
				89A7927B200D3D2E001C76CA /* Sources */,
				89A7927C200D3D2E001C76CA /* Frameworks */,
				89A7927D200D3D2E001C76CA /* Resources */,
			);
			buildRules = (
			);
			dependencies = (
				89A79281200D3D2E001C76CA /* PBXTargetDependency */,
			);
			name = ConcentrationTests;
			productName = ConcentrationTests;
			productReference = 89A7927F200D3D2E001C76CA /* ConcentrationTests.xctest */;
			productType = "com.apple.product-type.bundle.unit-test";
		};
		89A79289200D3D2E001C76CA /* ConcentrationUITests */ = {
			isa = PBXNativeTarget;
			buildConfigurationList = 89A79299200D3D2E001C76CA /* Build configuration list for PBXNativeTarget "ConcentrationUITests" */;
			buildPhases = (
				89A79286200D3D2E001C76CA /* Sources */,
				89A79287200D3D2E001C76CA /* Frameworks */,
				89A79288200D3D2E001C76CA /* Resources */,
			);
			buildRules = (
			);
			dependencies = (
				89A7928C200D3D2E001C76CA /* PBXTargetDependency */,
			);
			name = ConcentrationUITests;
			productName = ConcentrationUITests;
			productReference = 89A7928A200D3D2E001C76CA /* ConcentrationUITests.xctest */;
			productType = "com.apple.product-type.bundle.ui-testing";
		};
/* End PBXNativeTarget section */

/* Begin PBXProject section */
		89A79263200D3D2E001C76CA /* Project object */ = {
			isa = PBXProject;
			attributes = {
				LastSwiftUpdateCheck = 0900;
				LastUpgradeCheck = 0900;
				ORGANIZATIONNAME = "Abdulhalık Korkmaz";
				TargetAttributes = {
					89A7926A200D3D2E001C76CA = {
						CreatedOnToolsVersion = 9.0;
						ProvisioningStyle = Automatic;
					};
					89A7927E200D3D2E001C76CA = {
						CreatedOnToolsVersion = 9.0;
						ProvisioningStyle = Automatic;
						TestTargetID = 89A7926A200D3D2E001C76CA;
					};
					89A79289200D3D2E001C76CA = {
						CreatedOnToolsVersion = 9.0;
						ProvisioningStyle = Automatic;
						TestTargetID = 89A7926A200D3D2E001C76CA;
					};
				};
			};
			buildConfigurationList = 89A79266200D3D2E001C76CA /* Build configuration list for PBXProject "Concentration" */;
			compatibilityVersion = "Xcode 8.0";
			developmentRegion = en;
			hasScannedForEncodings = 0;
			knownRegions = (
				en,
				Base,
			);
			mainGroup = 89A79262200D3D2E001C76CA;
			productRefGroup = 89A7926C200D3D2E001C76CA /* Products */;
			projectDirPath = "";
			projectRoot = "";
			targets = (
				89A7926A200D3D2E001C76CA /* Concentration */,
				89A7927E200D3D2E001C76CA /* ConcentrationTests */,
				89A79289200D3D2E001C76CA /* ConcentrationUITests */,
			);
		};
/* End PBXProject section */

/* Begin PBXResourcesBuildPhase section */
		89A79269200D3D2E001C76CA /* Resources */ = {
			isa = PBXResourcesBuildPhase;
			buildActionMask = 2147483647;
			files = (
				89A79279200D3D2E001C76CA /* LaunchScreen.storyboard in Resources */,
				89A79276200D3D2E001C76CA /* Assets.xcassets in Resources */,
				89A79274200D3D2E001C76CA /* Main.storyboard in Resources */,
			);
			runOnlyForDeploymentPostprocessing = 0;
		};
		89A7927D200D3D2E001C76CA /* Resources */ = {
			isa = PBXResourcesBuildPhase;
			buildActionMask = 2147483647;
			files = (
			);
			runOnlyForDeploymentPostprocessing = 0;
		};
		89A79288200D3D2E001C76CA /* Resources */ = {
			isa = PBXResourcesBuildPhase;
			buildActionMask = 2147483647;
			files = (
			);
			runOnlyForDeploymentPostprocessing = 0;
		};
/* End PBXResourcesBuildPhase section */

/* Begin PBXSourcesBuildPhase section */
		89A79267200D3D2E001C76CA /* Sources */ = {
			isa = PBXSourcesBuildPhase;
			buildActionMask = 2147483647;
			files = (
				89A79271200D3D2E001C76CA /* ViewController.swift in Sources */,
				89A7926F200D3D2E001C76CA /* AppDelegate.swift in Sources */,
				8963B11C200D57E000E8A45B /* Concentration.swift in Sources */,
				8963B11E200D58A100E8A45B /* Card.swift in Sources */,
			);
			runOnlyForDeploymentPostprocessing = 0;
		};
		89A7927B200D3D2E001C76CA /* Sources */ = {
			isa = PBXSourcesBuildPhase;
			buildActionMask = 2147483647;
			files = (
				89A79284200D3D2E001C76CA /* ConcentrationTests.swift in Sources */,
			);
			runOnlyForDeploymentPostprocessing = 0;
		};
		89A79286200D3D2E001C76CA /* Sources */ = {
			isa = PBXSourcesBuildPhase;
			buildActionMask = 2147483647;
			files = (
				89A7928F200D3D2E001C76CA /* ConcentrationUITests.swift in Sources */,
			);
			runOnlyForDeploymentPostprocessing = 0;
		};
/* End PBXSourcesBuildPhase section */

/* Begin PBXTargetDependency section */
		89A79281200D3D2E001C76CA /* PBXTargetDependency */ = {
			isa = PBXTargetDependency;
			target = 89A7926A200D3D2E001C76CA /* Concentration */;
			targetProxy = 89A79280200D3D2E001C76CA /* PBXContainerItemProxy */;
		};
		89A7928C200D3D2E001C76CA /* PBXTargetDependency */ = {
			isa = PBXTargetDependency;
			target = 89A7926A200D3D2E001C76CA /* Concentration */;
			targetProxy = 89A7928B200D3D2E001C76CA /* PBXContainerItemProxy */;
		};
/* End PBXTargetDependency section */

/* Begin PBXVariantGroup section */
		89A79272200D3D2E001C76CA /* Main.storyboard */ = {
			isa = PBXVariantGroup;
			children = (
				89A79273200D3D2E001C76CA /* Base */,
			);
			name = Main.storyboard;
			sourceTree = "<group>";
		};
		89A79277200D3D2E001C76CA /* LaunchScreen.storyboard */ = {
			isa = PBXVariantGroup;
			children = (
				89A79278200D3D2E001C76CA /* Base */,
			);
			name = LaunchScreen.storyboard;
			sourceTree = "<group>";
		};
/* End PBXVariantGroup section */

/* Begin XCBuildConfiguration section */
		89A79291200D3D2E001C76CA /* Debug */ = {
			isa = XCBuildConfiguration;
			buildSettings = {
				ALWAYS_SEARCH_USER_PATHS = NO;
				CLANG_ANALYZER_NONNULL = YES;
				CLANG_ANALYZER_NUMBER_OBJECT_CONVERSION = YES_AGGRESSIVE;
				CLANG_CXX_LANGUAGE_STANDARD = "gnu++14";
				CLANG_CXX_LIBRARY = "libc++";
				CLANG_ENABLE_MODULES = YES;
				CLANG_ENABLE_OBJC_ARC = YES;
				CLANG_WARN_BLOCK_CAPTURE_AUTORELEASING = YES;
				CLANG_WARN_BOOL_CONVERSION = YES;
				CLANG_WARN_COMMA = YES;
				CLANG_WARN_CONSTANT_CONVERSION = YES;
				CLANG_WARN_DIRECT_OBJC_ISA_USAGE = YES_ERROR;
				CLANG_WARN_DOCUMENTATION_COMMENTS = YES;
				CLANG_WARN_EMPTY_BODY = YES;
				CLANG_WARN_ENUM_CONVERSION = YES;
				CLANG_WARN_INFINITE_RECURSION = YES;
				CLANG_WARN_INT_CONVERSION = YES;
				CLANG_WARN_NON_LITERAL_NULL_CONVERSION = YES;
				CLANG_WARN_OBJC_LITERAL_CONVERSION = YES;
				CLANG_WARN_OBJC_ROOT_CLASS = YES_ERROR;
				CLANG_WARN_RANGE_LOOP_ANALYSIS = YES;
				CLANG_WARN_STRICT_PROTOTYPES = YES;
				CLANG_WARN_SUSPICIOUS_MOVE = YES;
				CLANG_WARN_UNGUARDED_AVAILABILITY = YES_AGGRESSIVE;
				CLANG_WARN_UNREACHABLE_CODE = YES;
				CLANG_WARN__DUPLICATE_METHOD_MATCH = YES;
				CODE_SIGN_IDENTITY = "iPhone Developer";
				COPY_PHASE_STRIP = NO;
				DEBUG_INFORMATION_FORMAT = dwarf;
				ENABLE_STRICT_OBJC_MSGSEND = YES;
				ENABLE_TESTABILITY = YES;
				GCC_C_LANGUAGE_STANDARD = gnu11;
				GCC_DYNAMIC_NO_PIC = NO;
				GCC_NO_COMMON_BLOCKS = YES;
				GCC_OPTIMIZATION_LEVEL = 0;
				GCC_PREPROCESSOR_DEFINITIONS = (
					"DEBUG=1",
					"$(inherited)",
				);
				GCC_WARN_64_TO_32_BIT_CONVERSION = YES;
				GCC_WARN_ABOUT_RETURN_TYPE = YES_ERROR;
				GCC_WARN_UNDECLARED_SELECTOR = YES;
				GCC_WARN_UNINITIALIZED_AUTOS = YES_AGGRESSIVE;
				GCC_WARN_UNUSED_FUNCTION = YES;
				GCC_WARN_UNUSED_VARIABLE = YES;
				IPHONEOS_DEPLOYMENT_TARGET = 11.0;
				MTL_ENABLE_DEBUG_INFO = YES;
				ONLY_ACTIVE_ARCH = YES;
				SDKROOT = iphoneos;
				SWIFT_ACTIVE_COMPILATION_CONDITIONS = DEBUG;
				SWIFT_OPTIMIZATION_LEVEL = "-Onone";
			};
			name = Debug;
		};
		89A79292200D3D2E001C76CA /* Release */ = {
			isa = XCBuildConfiguration;
			buildSettings = {
				ALWAYS_SEARCH_USER_PATHS = NO;
				CLANG_ANALYZER_NONNULL = YES;
				CLANG_ANALYZER_NUMBER_OBJECT_CONVERSION = YES_AGGRESSIVE;
				CLANG_CXX_LANGUAGE_STANDARD = "gnu++14";
				CLANG_CXX_LIBRARY = "libc++";
				CLANG_ENABLE_MODULES = YES;
				CLANG_ENABLE_OBJC_ARC = YES;
				CLANG_WARN_BLOCK_CAPTURE_AUTORELEASING = YES;
				CLANG_WARN_BOOL_CONVERSION = YES;
				CLANG_WARN_COMMA = YES;
				CLANG_WARN_CONSTANT_CONVERSION = YES;
				CLANG_WARN_DIRECT_OBJC_ISA_USAGE = YES_ERROR;
				CLANG_WARN_DOCUMENTATION_COMMENTS = YES;
				CLANG_WARN_EMPTY_BODY = YES;
				CLANG_WARN_ENUM_CONVERSION = YES;
				CLANG_WARN_INFINITE_RECURSION = YES;
				CLANG_WARN_INT_CONVERSION = YES;
				CLANG_WARN_NON_LITERAL_NULL_CONVERSION = YES;
				CLANG_WARN_OBJC_LITERAL_CONVERSION = YES;
				CLANG_WARN_OBJC_ROOT_CLASS = YES_ERROR;
				CLANG_WARN_RANGE_LOOP_ANALYSIS = YES;
				CLANG_WARN_STRICT_PROTOTYPES = YES;
				CLANG_WARN_SUSPICIOUS_MOVE = YES;
				CLANG_WARN_UNGUARDED_AVAILABILITY = YES_AGGRESSIVE;
				CLANG_WARN_UNREACHABLE_CODE = YES;
				CLANG_WARN__DUPLICATE_METHOD_MATCH = YES;
				CODE_SIGN_IDENTITY = "iPhone Developer";
				COPY_PHASE_STRIP = NO;
				DEBUG_INFORMATION_FORMAT = "dwarf-with-dsym";
				ENABLE_NS_ASSERTIONS = NO;
				ENABLE_STRICT_OBJC_MSGSEND = YES;
				GCC_C_LANGUAGE_STANDARD = gnu11;
				GCC_NO_COMMON_BLOCKS = YES;
				GCC_WARN_64_TO_32_BIT_CONVERSION = YES;
				GCC_WARN_ABOUT_RETURN_TYPE = YES_ERROR;
				GCC_WARN_UNDECLARED_SELECTOR = YES;
				GCC_WARN_UNINITIALIZED_AUTOS = YES_AGGRESSIVE;
				GCC_WARN_UNUSED_FUNCTION = YES;
				GCC_WARN_UNUSED_VARIABLE = YES;
				IPHONEOS_DEPLOYMENT_TARGET = 11.0;
				MTL_ENABLE_DEBUG_INFO = NO;
				SDKROOT = iphoneos;
				SWIFT_OPTIMIZATION_LEVEL = "-Owholemodule";
				VALIDATE_PRODUCT = YES;
			};
			name = Release;
		};
		89A79294200D3D2E001C76CA /* Debug */ = {
			isa = XCBuildConfiguration;
			buildSettings = {
				ASSETCATALOG_COMPILER_APPICON_NAME = AppIcon;
				CODE_SIGN_STYLE = Automatic;
				DEVELOPMENT_TEAM = 3QJBJ737X2;
				INFOPLIST_FILE = Concentration/Info.plist;
				LD_RUNPATH_SEARCH_PATHS = "$(inherited) @executable_path/Frameworks";
				PRODUCT_BUNDLE_IDENTIFIER = haluk.Concentration;
				PRODUCT_NAME = "$(TARGET_NAME)";
				SWIFT_VERSION = 4.0;
				TARGETED_DEVICE_FAMILY = "1,2";
			};
			name = Debug;
		};
		89A79295200D3D2E001C76CA /* Release */ = {
			isa = XCBuildConfiguration;
			buildSettings = {
				ASSETCATALOG_COMPILER_APPICON_NAME = AppIcon;
				CODE_SIGN_STYLE = Automatic;
				DEVELOPMENT_TEAM = 3QJBJ737X2;
				INFOPLIST_FILE = Concentration/Info.plist;
				LD_RUNPATH_SEARCH_PATHS = "$(inherited) @executable_path/Frameworks";
				PRODUCT_BUNDLE_IDENTIFIER = haluk.Concentration;
				PRODUCT_NAME = "$(TARGET_NAME)";
				SWIFT_VERSION = 4.0;
				TARGETED_DEVICE_FAMILY = "1,2";
			};
			name = Release;
		};
		89A79297200D3D2E001C76CA /* Debug */ = {
			isa = XCBuildConfiguration;
			buildSettings = {
				ALWAYS_EMBED_SWIFT_STANDARD_LIBRARIES = YES;
				BUNDLE_LOADER = "$(TEST_HOST)";
				CODE_SIGN_STYLE = Automatic;
				INFOPLIST_FILE = ConcentrationTests/Info.plist;
				LD_RUNPATH_SEARCH_PATHS = "$(inherited) @executable_path/Frameworks @loader_path/Frameworks";
				PRODUCT_BUNDLE_IDENTIFIER = haluk.ConcentrationTests;
				PRODUCT_NAME = "$(TARGET_NAME)";
				SWIFT_VERSION = 4.0;
				TARGETED_DEVICE_FAMILY = "1,2";
				TEST_HOST = "$(BUILT_PRODUCTS_DIR)/Concentration.app/Concentration";
			};
			name = Debug;
		};
		89A79298200D3D2E001C76CA /* Release */ = {
			isa = XCBuildConfiguration;
			buildSettings = {
				ALWAYS_EMBED_SWIFT_STANDARD_LIBRARIES = YES;
				BUNDLE_LOADER = "$(TEST_HOST)";
				CODE_SIGN_STYLE = Automatic;
				INFOPLIST_FILE = ConcentrationTests/Info.plist;
				LD_RUNPATH_SEARCH_PATHS = "$(inherited) @executable_path/Frameworks @loader_path/Frameworks";
				PRODUCT_BUNDLE_IDENTIFIER = haluk.ConcentrationTests;
				PRODUCT_NAME = "$(TARGET_NAME)";
				SWIFT_VERSION = 4.0;
				TARGETED_DEVICE_FAMILY = "1,2";
				TEST_HOST = "$(BUILT_PRODUCTS_DIR)/Concentration.app/Concentration";
			};
			name = Release;
		};
		89A7929A200D3D2E001C76CA /* Debug */ = {
			isa = XCBuildConfiguration;
			buildSettings = {
				ALWAYS_EMBED_SWIFT_STANDARD_LIBRARIES = YES;
				CODE_SIGN_STYLE = Automatic;
				INFOPLIST_FILE = ConcentrationUITests/Info.plist;
				LD_RUNPATH_SEARCH_PATHS = "$(inherited) @executable_path/Frameworks @loader_path/Frameworks";
				PRODUCT_BUNDLE_IDENTIFIER = haluk.ConcentrationUITests;
				PRODUCT_NAME = "$(TARGET_NAME)";
				SWIFT_VERSION = 4.0;
				TARGETED_DEVICE_FAMILY = "1,2";
				TEST_TARGET_NAME = Concentration;
			};
			name = Debug;
		};
		89A7929B200D3D2E001C76CA /* Release */ = {
			isa = XCBuildConfiguration;
			buildSettings = {
				ALWAYS_EMBED_SWIFT_STANDARD_LIBRARIES = YES;
				CODE_SIGN_STYLE = Automatic;
				INFOPLIST_FILE = ConcentrationUITests/Info.plist;
				LD_RUNPATH_SEARCH_PATHS = "$(inherited) @executable_path/Frameworks @loader_path/Frameworks";
				PRODUCT_BUNDLE_IDENTIFIER = haluk.ConcentrationUITests;
				PRODUCT_NAME = "$(TARGET_NAME)";
				SWIFT_VERSION = 4.0;
				TARGETED_DEVICE_FAMILY = "1,2";
				TEST_TARGET_NAME = Concentration;
			};
			name = Release;
		};
/* End XCBuildConfiguration section */

/* Begin XCConfigurationList section */
		89A79266200D3D2E001C76CA /* Build configuration list for PBXProject "Concentration" */ = {
			isa = XCConfigurationList;
			buildConfigurations = (
				89A79291200D3D2E001C76CA /* Debug */,
				89A79292200D3D2E001C76CA /* Release */,
			);
			defaultConfigurationIsVisible = 0;
			defaultConfigurationName = Release;
		};
		89A79293200D3D2E001C76CA /* Build configuration list for PBXNativeTarget "Concentration" */ = {
			isa = XCConfigurationList;
			buildConfigurations = (
				89A79294200D3D2E001C76CA /* Debug */,
				89A79295200D3D2E001C76CA /* Release */,
			);
			defaultConfigurationIsVisible = 0;
			defaultConfigurationName = Release;
		};
		89A79296200D3D2E001C76CA /* Build configuration list for PBXNativeTarget "ConcentrationTests" */ = {
			isa = XCConfigurationList;
			buildConfigurations = (
				89A79297200D3D2E001C76CA /* Debug */,
				89A79298200D3D2E001C76CA /* Release */,
			);
			defaultConfigurationIsVisible = 0;
			defaultConfigurationName = Release;
		};
		89A79299200D3D2E001C76CA /* Build configuration list for PBXNativeTarget "ConcentrationUITests" */ = {
			isa = XCConfigurationList;
			buildConfigurations = (
				89A7929A200D3D2E001C76CA /* Debug */,
				89A7929B200D3D2E001C76CA /* Release */,
			);
			defaultConfigurationIsVisible = 0;
			defaultConfigurationName = Release;
		};
/* End XCConfigurationList section */
	};
	rootObject = 89A79263200D3D2E001C76CA /* Project object */;
}
